
Microsoft Visual Studio Solution File, Format Version 12.00
# Visual Studio Version 17
VisualStudioVersion = 17.6.33815.320
MinimumVisualStudioVersion = 10.0.40219.1
Project("{9A19103F-16F7-4668-BE54-9A1E7A4F7556}") = "AssignmentSharing", "AssignmentSharing\AssignmentSharing.csproj", "{576FA8B3-F301-4601-A692-0C709BF8B7EC}"
EndProject
Project("{FAE04EC0-301F-11D3-BF4B-00C04F79EFBC}") = "AssignmentsSharingAlgorithmsTests", "AssignmentsSharingAlgorithmsTests\AssignmentsSharingAlgorithmsTests.csproj", "{E4007348-BE92-4827-9C8F-08ED64F54BEA}"
EndProject
Global
	GlobalSection(SolutionConfigurationPlatforms) = preSolution
		Debug|Any CPU = Debug|Any CPU
		Release|Any CPU = Release|Any CPU
	EndGlobalSection
	GlobalSection(ProjectConfigurationPlatforms) = postSolution
		{576FA8B3-F301-4601-A692-0C709BF8B7EC}.Debug|Any CPU.ActiveCfg = Debug|Any CPU
		{576FA8B3-F301-4601-A692-0C709BF8B7EC}.Debug|Any CPU.Build.0 = Debug|Any CPU
		{576FA8B3-F301-4601-A692-0C709BF8B7EC}.Release|Any CPU.ActiveCfg = Release|Any CPU
		{576FA8B3-F301-4601-A692-0C709BF8B7EC}.Release|Any CPU.Build.0 = Release|Any CPU
		{E4007348-BE92-4827-9C8F-08ED64F54BEA}.Debug|Any CPU.ActiveCfg = Debug|Any CPU
		{E4007348-BE92-4827-9C8F-08ED64F54BEA}.Debug|Any CPU.Build.0 = Debug|Any CPU
		{E4007348-BE92-4827-9C8F-08ED64F54BEA}.Release|Any CPU.ActiveCfg = Release|Any CPU
		{E4007348-BE92-4827-9C8F-08ED64F54BEA}.Release|Any CPU.Build.0 = Release|Any CPU
	EndGlobalSection
	GlobalSection(SolutionProperties) = preSolution
		HideSolutionNode = FALSE
	EndGlobalSection
	GlobalSection(ExtensibilityGlobals) = postSolution
		SolutionGuid = {90A82DAB-9495-469F-8847-A301903C61A9}
	EndGlobalSection
EndGlobal
